// !$*UTF8*$!
{
	archiveVersion = 1;
	classes = {
	};
	objectVersion = 55;
	objects = {

/* Begin PBXBuildFile section */
		41AB7CC9291B4A38003BF6DD /* AppDelegate.swift in Sources */ = {isa = PBXBuildFile; fileRef = 41AB7CC8291B4A38003BF6DD /* AppDelegate.swift */; };
		41AB7CCB291B4A38003BF6DD /* SceneDelegate.swift in Sources */ = {isa = PBXBuildFile; fileRef = 41AB7CCA291B4A38003BF6DD /* SceneDelegate.swift */; };
		41AB7CCD291B4A38003BF6DD /* ViewController.swift in Sources */ = {isa = PBXBuildFile; fileRef = 41AB7CCC291B4A38003BF6DD /* ViewController.swift */; };
		41AB7CD0291B4A38003BF6DD /* Main.storyboard in Resources */ = {isa = PBXBuildFile; fileRef = 41AB7CCE291B4A38003BF6DD /* Main.storyboard */; };
		41AB7CD2291B4A3E003BF6DD /* Assets.xcassets in Resources */ = {isa = PBXBuildFile; fileRef = 41AB7CD1291B4A3E003BF6DD /* Assets.xcassets */; };
		41AB7CD5291B4A3E003BF6DD /* LaunchScreen.storyboard in Resources */ = {isa = PBXBuildFile; fileRef = 41AB7CD3291B4A3E003BF6DD /* LaunchScreen.storyboard */; };
		A3A1889D733EBE2472263391 /* Pods_sample_testApp.framework in Frameworks */ = {isa = PBXBuildFile; fileRef = 8382A59E0E381DD562DEB91F /* Pods_sample_testApp.framework */; };
/* End PBXBuildFile section */

/* Begin PBXFileReference section */
		1F862A2D0752AB8CC5A9B124 /* Pods-sample_testApp.debug.xcconfig */ = {isa = PBXFileReference; includeInIndex = 1; lastKnownFileType = text.xcconfig; name = "Pods-sample_testApp.debug.xcconfig"; path = "Target Support Files/Pods-sample_testApp/Pods-sample_testApp.debug.xcconfig"; sourceTree = "<group>"; };
		41AB7CC5291B4A38003BF6DD /* sample_testApp.app */ = {isa = PBXFileReference; explicitFileType = wrapper.application; includeInIndex = 0; path = sample_testApp.app; sourceTree = BUILT_PRODUCTS_DIR; };
		41AB7CC8291B4A38003BF6DD /* AppDelegate.swift */ = {isa = PBXFileReference; lastKnownFileType = sourcecode.swift; path = AppDelegate.swift; sourceTree = "<group>"; };
		41AB7CCA291B4A38003BF6DD /* SceneDelegate.swift */ = {isa = PBXFileReference; lastKnownFileType = sourcecode.swift; path = SceneDelegate.swift; sourceTree = "<group>"; };
		41AB7CCC291B4A38003BF6DD /* ViewController.swift */ = {isa = PBXFileReference; lastKnownFileType = sourcecode.swift; path = ViewController.swift; sourceTree = "<group>"; };
		41AB7CCF291B4A38003BF6DD /* Base */ = {isa = PBXFileReference; lastKnownFileType = file.storyboard; name = Base; path = Base.lproj/Main.storyboard; sourceTree = "<group>"; };
		41AB7CD1291B4A3E003BF6DD /* Assets.xcassets */ = {isa = PBXFileReference; lastKnownFileType = folder.assetcatalog; path = Assets.xcassets; sourceTree = "<group>"; };
		41AB7CD4291B4A3E003BF6DD /* Base */ = {isa = PBXFileReference; lastKnownFileType = file.storyboard; name = Base; path = Base.lproj/LaunchScreen.storyboard; sourceTree = "<group>"; };
		41AB7CD6291B4A3E003BF6DD /* Info.plist */ = {isa = PBXFileReference; lastKnownFileType = text.plist.xml; path = Info.plist; sourceTree = "<group>"; };
		4D5D9F61E7252197289A8F1A /* Pods-sample_testApp.release.xcconfig */ = {isa = PBXFileReference; includeInIndex = 1; lastKnownFileType = text.xcconfig; name = "Pods-sample_testApp.release.xcconfig"; path = "Target Support Files/Pods-sample_testApp/Pods-sample_testApp.release.xcconfig"; sourceTree = "<group>"; };
		8382A59E0E381DD562DEB91F /* Pods_sample_testApp.framework */ = {isa = PBXFileReference; explicitFileType = wrapper.framework; includeInIndex = 0; path = Pods_sample_testApp.framework; sourceTree = BUILT_PRODUCTS_DIR; };
/* End PBXFileReference section */

/* Begin PBXFrameworksBuildPhase section */
		41AB7CC2291B4A38003BF6DD /* Frameworks */ = {
			isa = PBXFrameworksBuildPhase;
			buildActionMask = 2147483647;
			files = (
				A3A1889D733EBE2472263391 /* Pods_sample_testApp.framework in Frameworks */,
			);
			runOnlyForDeploymentPostprocessing = 0;
		};
/* End PBXFrameworksBuildPhase section */

/* Begin PBXGroup section */
		41AB7CBC291B4A38003BF6DD = {
			isa = PBXGroup;
			children = (
				41AB7CC7291B4A38003BF6DD /* sample_testApp */,
				41AB7CC6291B4A38003BF6DD /* Products */,
				F0187AF0E15DA1B2E8BCA280 /* Pods */,
				B8DBF8990B6EDC27691D100F /* Frameworks */,
			);
			sourceTree = "<group>";
		};
		41AB7CC6291B4A38003BF6DD /* Products */ = {
			isa = PBXGroup;
			children = (
				41AB7CC5291B4A38003BF6DD /* sample_testApp.app */,
			);
			name = Products;
			sourceTree = "<group>";
		};
		41AB7CC7291B4A38003BF6DD /* sample_testApp */ = {
			isa = PBXGroup;
			children = (
				41AB7CC8291B4A38003BF6DD /* AppDelegate.swift */,
				41AB7CCA291B4A38003BF6DD /* SceneDelegate.swift */,
				41AB7CCC291B4A38003BF6DD /* ViewController.swift */,
				41AB7CCE291B4A38003BF6DD /* Main.storyboard */,
				41AB7CD1291B4A3E003BF6DD /* Assets.xcassets */,
				41AB7CD3291B4A3E003BF6DD /* LaunchScreen.storyboard */,
				41AB7CD6291B4A3E003BF6DD /* Info.plist */,
			);
			path = sample_testApp;
			sourceTree = "<group>";
		};
		B8DBF8990B6EDC27691D100F /* Frameworks */ = {
			isa = PBXGroup;
			children = (
				8382A59E0E381DD562DEB91F /* Pods_sample_testApp.framework */,
			);
			name = Frameworks;
			sourceTree = "<group>";
		};
		F0187AF0E15DA1B2E8BCA280 /* Pods */ = {
			isa = PBXGroup;
			children = (
				1F862A2D0752AB8CC5A9B124 /* Pods-sample_testApp.debug.xcconfig */,
				4D5D9F61E7252197289A8F1A /* Pods-sample_testApp.release.xcconfig */,
			);
			name = Pods;
			path = Pods;
			sourceTree = "<group>";
		};
/* End PBXGroup section */

/* Begin PBXNativeTarget section */
		41AB7CC4291B4A38003BF6DD /* sample_testApp */ = {
			isa = PBXNativeTarget;
			buildConfigurationList = 41AB7CD9291B4A3E003BF6DD /* Build configuration list for PBXNativeTarget "sample_testApp" */;
			buildPhases = (
				A3BAFE43209998A10F9106D3 /* [CP] Check Pods Manifest.lock */,
				41AB7CC1291B4A38003BF6DD /* Sources */,
				41AB7CC2291B4A38003BF6DD /* Frameworks */,
				41AB7CC3291B4A38003BF6DD /* Resources */,
			);
			buildRules = (
			);
			dependencies = (
			);
			name = sample_testApp;
			productName = sample_testApp;
			productReference = 41AB7CC5291B4A38003BF6DD /* sample_testApp.app */;
			productType = "com.apple.product-type.application";
		};
/* End PBXNativeTarget section */

/* Begin PBXProject section */
		41AB7CBD291B4A38003BF6DD /* Project object */ = {
			isa = PBXProject;
			attributes = {
				BuildIndependentTargetsInParallel = 1;
				LastSwiftUpdateCheck = 1340;
				LastUpgradeCheck = 1340;
				TargetAttributes = {
					41AB7CC4291B4A38003BF6DD = {
						CreatedOnToolsVersion = 13.4.1;
					};
				};
			};
			buildConfigurationList = 41AB7CC0291B4A38003BF6DD /* Build configuration list for PBXProject "sample_testApp" */;
			compatibilityVersion = "Xcode 13.0";
			developmentRegion = en;
			hasScannedForEncodings = 0;
			knownRegions = (
				en,
				Base,
			);
			mainGroup = 41AB7CBC291B4A38003BF6DD;
			productRefGroup = 41AB7CC6291B4A38003BF6DD /* Products */;
			projectDirPath = "";
			projectRoot = "";
			targets = (
				41AB7CC4291B4A38003BF6DD /* sample_testApp */,
			);
		};
/* End PBXProject section */

/* Begin PBXResourcesBuildPhase section */
		41AB7CC3291B4A38003BF6DD /* Resources */ = {
			isa = PBXResourcesBuildPhase;
			buildActionMask = 2147483647;
			files = (
				41AB7CD5291B4A3E003BF6DD /* LaunchScreen.storyboard in Resources */,
				41AB7CD2291B4A3E003BF6DD /* Assets.xcassets in Resources */,
				41AB7CD0291B4A38003BF6DD /* Main.storyboard in Resources */,
			);
			runOnlyForDeploymentPostprocessing = 0;
		};
/* End PBXResourcesBuildPhase section */

/* Begin PBXShellScriptBuildPhase section */
		A3BAFE43209998A10F9106D3 /* [CP] Check Pods Manifest.lock */ = {
			isa = PBXShellScriptBuildPhase;
			buildActionMask = 2147483647;
			files = (
			);
			inputFileListPaths = (
			);
			inputPaths = (
				"${PODS_PODFILE_DIR_PATH}/Podfile.lock",
				"${PODS_ROOT}/Manifest.lock",
			);
			name = "[CP] Check Pods Manifest.lock";
			outputFileListPaths = (
			);
			outputPaths = (
				"$(DERIVED_FILE_DIR)/Pods-sample_testApp-checkManifestLockResult.txt",
			);
			runOnlyForDeploymentPostprocessing = 0;
			shellPath = /bin/sh;
			shellScript = "diff \"${PODS_PODFILE_DIR_PATH}/Podfile.lock\" \"${PODS_ROOT}/Manifest.lock\" > /dev/null\nif [ $? != 0 ] ; then\n    # print error to STDERR\n    echo \"error: The sandbox is not in sync with the Podfile.lock. Run 'pod install' or update your CocoaPods installation.\" >&2\n    exit 1\nfi\n# This output is used by Xcode 'outputs' to avoid re-running this script phase.\necho \"SUCCESS\" > \"${SCRIPT_OUTPUT_FILE_0}\"\n";
			showEnvVarsInLog = 0;
		};
/* End PBXShellScriptBuildPhase section */

/* Begin PBXSourcesBuildPhase section */
		41AB7CC1291B4A38003BF6DD /* Sources */ = {
			isa = PBXSourcesBuildPhase;
			buildActionMask = 2147483647;
			files = (
				41AB7CCD291B4A38003BF6DD /* ViewController.swift in Sources */,
				41AB7CC9291B4A38003BF6DD /* AppDelegate.swift in Sources */,
				41AB7CCB291B4A38003BF6DD /* SceneDelegate.swift in Sources */,
			);
			runOnlyForDeploymentPostprocessing = 0;
		};
/* End PBXSourcesBuildPhase section */

/* Begin PBXVariantGroup section */
		41AB7CCE291B4A38003BF6DD /* Main.storyboard */ = {
			isa = PBXVariantGroup;
			children = (
				41AB7CCF291B4A38003BF6DD /* Base */,
			);
			name = Main.storyboard;
			sourceTree = "<group>";
		};
		41AB7CD3291B4A3E003BF6DD /* LaunchScreen.storyboard */ = {
			isa = PBXVariantGroup;
			children = (
				41AB7CD4291B4A3E003BF6DD /* Base */,
			);
			name = LaunchScreen.storyboard;
			sourceTree = "<group>";
		};
/* End PBXVariantGroup section */

/* Begin XCBuildConfiguration section */
		41AB7CD7291B4A3E003BF6DD /* Debug */ = {
			isa = XCBuildConfiguration;
			buildSettings = {
				ALWAYS_SEARCH_USER_PATHS = NO;
				CLANG_ANALYZER_NONNULL = YES;
				CLANG_ANALYZER_NUMBER_OBJECT_CONVERSION = YES_AGGRESSIVE;
				CLANG_CXX_LANGUAGE_STANDARD = "gnu++17";
				CLANG_ENABLE_MODULES = YES;
				CLANG_ENABLE_OBJC_ARC = YES;
				CLANG_ENABLE_OBJC_WEAK = YES;
				CLANG_WARN_BLOCK_CAPTURE_AUTORELEASING = YES;
				CLANG_WARN_BOOL_CONVERSION = YES;
				CLANG_WARN_COMMA = YES;
				CLANG_WARN_CONSTANT_CONVERSION = YES;
				CLANG_WARN_DEPRECATED_OBJC_IMPLEMENTATIONS = YES;
				CLANG_WARN_DIRECT_OBJC_ISA_USAGE = YES_ERROR;
				CLANG_WARN_DOCUMENTATION_COMMENTS = YES;
				CLANG_WARN_EMPTY_BODY = YES;
				CLANG_WARN_ENUM_CONVERSION = YES;
				CLANG_WARN_INFINITE_RECURSION = YES;
				CLANG_WARN_INT_CONVERSION = YES;
				CLANG_WARN_NON_LITERAL_NULL_CONVERSION = YES;
				CLANG_WARN_OBJC_IMPLICIT_RETAIN_SELF = YES;
				CLANG_WARN_OBJC_LITERAL_CONVERSION = YES;
				CLANG_WARN_OBJC_ROOT_CLASS = YES_ERROR;
				CLANG_WARN_QUOTED_INCLUDE_IN_FRAMEWORK_HEADER = YES;
				CLANG_WARN_RANGE_LOOP_ANALYSIS = YES;
				CLANG_WARN_STRICT_PROTOTYPES = YES;
				CLANG_WARN_SUSPICIOUS_MOVE = YES;
				CLANG_WARN_UNGUARDED_AVAILABILITY = YES_AGGRESSIVE;
				CLANG_WARN_UNREACHABLE_CODE = YES;
				CLANG_WARN__DUPLICATE_METHOD_MATCH = YES;
				COPY_PHASE_STRIP = NO;
				DEBUG_INFORMATION_FORMAT = dwarf;
				ENABLE_STRICT_OBJC_MSGSEND = YES;
				ENABLE_TESTABILITY = YES;
				GCC_C_LANGUAGE_STANDARD = gnu11;
				GCC_DYNAMIC_NO_PIC = NO;
				GCC_NO_COMMON_BLOCKS = YES;
				GCC_OPTIMIZATION_LEVEL = 0;
				GCC_PREPROCESSOR_DEFINITIONS = (
					"DEBUG=1",
					"$(inherited)",
				);
				GCC_WARN_64_TO_32_BIT_CONVERSION = YES;
				GCC_WARN_ABOUT_RETURN_TYPE = YES_ERROR;
				GCC_WARN_UNDECLARED_SELECTOR = YES;
				GCC_WARN_UNINITIALIZED_AUTOS = YES_AGGRESSIVE;
				GCC_WARN_UNUSED_FUNCTION = YES;
				GCC_WARN_UNUSED_VARIABLE = YES;
				IPHONEOS_DEPLOYMENT_TARGET = 15.5;
				MTL_ENABLE_DEBUG_INFO = INCLUDE_SOURCE;
				MTL_FAST_MATH = YES;
				ONLY_ACTIVE_ARCH = YES;
				SDKROOT = iphoneos;
				SWIFT_ACTIVE_COMPILATION_CONDITIONS = DEBUG;
				SWIFT_OPTIMIZATION_LEVEL = "-Onone";
			};
			name = Debug;
		};
		41AB7CD8291B4A3E003BF6DD /* Release */ = {
			isa = XCBuildConfiguration;
			buildSettings = {
				ALWAYS_SEARCH_USER_PATHS = NO;
				CLANG_ANALYZER_NONNULL = YES;
				CLANG_ANALYZER_NUMBER_OBJECT_CONVERSION = YES_AGGRESSIVE;
				CLANG_CXX_LANGUAGE_STANDARD = "gnu++17";
				CLANG_ENABLE_MODULES = YES;
				CLANG_ENABLE_OBJC_ARC = YES;
				CLANG_ENABLE_OBJC_WEAK = YES;
				CLANG_WARN_BLOCK_CAPTURE_AUTORELEASING = YES;
				CLANG_WARN_BOOL_CONVERSION = YES;
				CLANG_WARN_COMMA = YES;
				CLANG_WARN_CONSTANT_CONVERSION = YES;
				CLANG_WARN_DEPRECATED_OBJC_IMPLEMENTATIONS = YES;
				CLANG_WARN_DIRECT_OBJC_ISA_USAGE = YES_ERROR;
				CLANG_WARN_DOCUMENTATION_COMMENTS = YES;
				CLANG_WARN_EMPTY_BODY = YES;
				CLANG_WARN_ENUM_CONVERSION = YES;
				CLANG_WARN_INFINITE_RECURSION = YES;
				CLANG_WARN_INT_CONVERSION = YES;
				CLANG_WARN_NON_LITERAL_NULL_CONVERSION = YES;
				CLANG_WARN_OBJC_IMPLICIT_RETAIN_SELF = YES;
				CLANG_WARN_OBJC_LITERAL_CONVERSION = YES;
				CLANG_WARN_OBJC_ROOT_CLASS = YES_ERROR;
				CLANG_WARN_QUOTED_INCLUDE_IN_FRAMEWORK_HEADER = YES;
				CLANG_WARN_RANGE_LOOP_ANALYSIS = YES;
				CLANG_WARN_STRICT_PROTOTYPES = YES;
				CLANG_WARN_SUSPICIOUS_MOVE = YES;
				CLANG_WARN_UNGUARDED_AVAILABILITY = YES_AGGRESSIVE;
				CLANG_WARN_UNREACHABLE_CODE = YES;
				CLANG_WARN__DUPLICATE_METHOD_MATCH = YES;
				COPY_PHASE_STRIP = NO;
				DEBUG_INFORMATION_FORMAT = "dwarf-with-dsym";
				ENABLE_NS_ASSERTIONS = NO;
				ENABLE_STRICT_OBJC_MSGSEND = YES;
				GCC_C_LANGUAGE_STANDARD = gnu11;
				GCC_NO_COMMON_BLOCKS = YES;
				GCC_WARN_64_TO_32_BIT_CONVERSION = YES;
				GCC_WARN_ABOUT_RETURN_TYPE = YES_ERROR;
				GCC_WARN_UNDECLARED_SELECTOR = YES;
				GCC_WARN_UNINITIALIZED_AUTOS = YES_AGGRESSIVE;
				GCC_WARN_UNUSED_FUNCTION = YES;
				GCC_WARN_UNUSED_VARIABLE = YES;
				IPHONEOS_DEPLOYMENT_TARGET = 15.5;
				MTL_ENABLE_DEBUG_INFO = NO;
				MTL_FAST_MATH = YES;
				SDKROOT = iphoneos;
				SWIFT_COMPILATION_MODE = wholemodule;
				SWIFT_OPTIMIZATION_LEVEL = "-O";
				VALIDATE_PRODUCT = YES;
			};
			name = Release;
		};
		41AB7CDA291B4A3E003BF6DD /* Debug */ = {
			isa = XCBuildConfiguration;
			baseConfigurationReference = 1F862A2D0752AB8CC5A9B124 /* Pods-sample_testApp.debug.xcconfig */;
			buildSettings = {
				ASSETCATALOG_COMPILER_APPICON_NAME = AppIcon;
				ASSETCATALOG_COMPILER_GLOBAL_ACCENT_COLOR_NAME = AccentColor;
				CODE_SIGN_STYLE = Automatic;
				CURRENT_PROJECT_VERSION = 1;
				GENERATE_INFOPLIST_FILE = YES;
				INFOPLIST_FILE = sample_testApp/Info.plist;
				INFOPLIST_KEY_UIApplicationSupportsIndirectInputEvents = YES;
				INFOPLIST_KEY_UILaunchStoryboardName = LaunchScreen;
				INFOPLIST_KEY_UIMainStoryboardFile = Main;
				INFOPLIST_KEY_UISupportedInterfaceOrientations_iPad = "UIInterfaceOrientationPortrait UIInterfaceOrientationPortraitUpsideDown UIInterfaceOrientationLandscapeLeft UIInterfaceOrientationLandscapeRight";
				INFOPLIST_KEY_UISupportedInterfaceOrientations_iPhone = "UIInterfaceOrientationPortrait UIInterfaceOrientationLandscapeLeft UIInterfaceOrientationLandscapeRight";
				LD_RUNPATH_SEARCH_PATHS = (
					"$(inherited)",
					"@executable_path/Frameworks",
				);
				MARKETING_VERSION = 1.0;
				PRODUCT_BUNDLE_IDENTIFIER = "deekshith.sample-testApp";
				PRODUCT_NAME = "$(TARGET_NAME)";
				SWIFT_EMIT_LOC_STRINGS = YES;
				SWIFT_VERSION = 5.0;
				TARGETED_DEVICE_FAMILY = "1,2";
			};
			name = Debug;
		};
		41AB7CDB291B4A3E003BF6DD /* Release */ = {
			isa = XCBuildConfiguration;
			baseConfigurationReference = 4D5D9F61E7252197289A8F1A /* Pods-sample_testApp.release.xcconfig */;
			buildSettings = {
				ASSETCATALOG_COMPILER_APPICON_NAME = AppIcon;
				ASSETCATALOG_COMPILER_GLOBAL_ACCENT_COLOR_NAME = AccentColor;
				CODE_SIGN_STYLE = Automatic;
				CURRENT_PROJECT_VERSION = 1;
				GENERATE_INFOPLIST_FILE = YES;
				INFOPLIST_FILE = sample_testApp/Info.plist;
				INFOPLIST_KEY_UIApplicationSupportsIndirectInputEvents = YES;
				INFOPLIST_KEY_UILaunchStoryboardName = LaunchScreen;
				INFOPLIST_KEY_UIMainStoryboardFile = Main;
				INFOPLIST_KEY_UISupportedInterfaceOrientations_iPad = "UIInterfaceOrientationPortrait UIInterfaceOrientationPortraitUpsideDown UIInterfaceOrientationLandscapeLeft UIInterfaceOrientationLandscapeRight";
				INFOPLIST_KEY_UISupportedInterfaceOrientations_iPhone = "UIInterfaceOrientationPortrait UIInterfaceOrientationLandscapeLeft UIInterfaceOrientationLandscapeRight";
				LD_RUNPATH_SEARCH_PATHS = (
					"$(inherited)",
					"@executable_path/Frameworks",
				);
				MARKETING_VERSION = 1.0;
				PRODUCT_BUNDLE_IDENTIFIER = "deekshith.sample-testApp";
				PRODUCT_NAME = "$(TARGET_NAME)";
				SWIFT_EMIT_LOC_STRINGS = YES;
				SWIFT_VERSION = 5.0;
				TARGETED_DEVICE_FAMILY = "1,2";
			};
			name = Release;
		};
/* End XCBuildConfiguration section */

/* Begin XCConfigurationList section */
		41AB7CC0291B4A38003BF6DD /* Build configuration list for PBXProject "sample_testApp" */ = {
			isa = XCConfigurationList;
			buildConfigurations = (
				41AB7CD7291B4A3E003BF6DD /* Debug */,
				41AB7CD8291B4A3E003BF6DD /* Release */,
			);
			defaultConfigurationIsVisible = 0;
			defaultConfigurationName = Release;
		};
		41AB7CD9291B4A3E003BF6DD /* Build configuration list for PBXNativeTarget "sample_testApp" */ = {
			isa = XCConfigurationList;
			buildConfigurations = (
				41AB7CDA291B4A3E003BF6DD /* Debug */,
				41AB7CDB291B4A3E003BF6DD /* Release */,
			);
			defaultConfigurationIsVisible = 0;
			defaultConfigurationName = Release;
		};
/* End XCConfigurationList section */
	};
	rootObject = 41AB7CBD291B4A38003BF6DD /* Project object */;
}
